// !$*UTF8*$!
{
	archiveVersion = 1;
	classes = {
	};
	objectVersion = 46;
	objects = {

/* Begin PBXBuildFile section */
		4B106C2C1B2E7EE200A4AC9D /* ITDBannerViewController.m in Sources */ = {isa = PBXBuildFile; fileRef = 4B106C2B1B2E7EE200A4AC9D /* ITDBannerViewController.m */; };
		4B586BAB1B252A100099EA69 /* main.m in Sources */ = {isa = PBXBuildFile; fileRef = 4B586BAA1B252A100099EA69 /* main.m */; };
		4B586BAE1B252A100099EA69 /* AppDelegate.m in Sources */ = {isa = PBXBuildFile; fileRef = 4B586BAD1B252A100099EA69 /* AppDelegate.m */; };
		4B586BB11B252A100099EA69 /* ViewController.m in Sources */ = {isa = PBXBuildFile; fileRef = 4B586BB01B252A100099EA69 /* ViewController.m */; };
		4B586BB41B252A100099EA69 /* Main.storyboard in Resources */ = {isa = PBXBuildFile; fileRef = 4B586BB21B252A100099EA69 /* Main.storyboard */; };
		4B586BB61B252A100099EA69 /* Images.xcassets in Resources */ = {isa = PBXBuildFile; fileRef = 4B586BB51B252A100099EA69 /* Images.xcassets */; };
		4B586BB91B252A100099EA69 /* LaunchScreen.xib in Resources */ = {isa = PBXBuildFile; fileRef = 4B586BB71B252A100099EA69 /* LaunchScreen.xib */; };
		4B586BC51B252A100099EA69 /* WSCollectionViewTests.m in Sources */ = {isa = PBXBuildFile; fileRef = 4B586BC41B252A100099EA69 /* WSCollectionViewTests.m */; };
/* End PBXBuildFile section */

/* Begin PBXContainerItemProxy section */
		4B586BBF1B252A100099EA69 /* PBXContainerItemProxy */ = {
			isa = PBXContainerItemProxy;
			containerPortal = 4B586B9D1B252A100099EA69 /* Project object */;
			proxyType = 1;
			remoteGlobalIDString = 4B586BA41B252A100099EA69;
			remoteInfo = WSCollectionView;
		};
/* End PBXContainerItemProxy section */

/* Begin PBXFileReference section */
		4B106C2A1B2E7EE200A4AC9D /* ITDBannerViewController.h */ = {isa = PBXFileReference; fileEncoding = 4; lastKnownFileType = sourcecode.c.h; path = ITDBannerViewController.h; sourceTree = "<group>"; };
		4B106C2B1B2E7EE200A4AC9D /* ITDBannerViewController.m */ = {isa = PBXFileReference; fileEncoding = 4; lastKnownFileType = sourcecode.c.objc; path = ITDBannerViewController.m; sourceTree = "<group>"; };
		4B586BA51B252A100099EA69 /* WSCollectionView.app */ = {isa = PBXFileReference; explicitFileType = wrapper.application; includeInIndex = 0; path = WSCollectionView.app; sourceTree = BUILT_PRODUCTS_DIR; };
		4B586BA91B252A100099EA69 /* Info.plist */ = {isa = PBXFileReference; lastKnownFileType = text.plist.xml; path = Info.plist; sourceTree = "<group>"; };
		4B586BAA1B252A100099EA69 /* main.m */ = {isa = PBXFileReference; lastKnownFileType = sourcecode.c.objc; path = main.m; sourceTree = "<group>"; };
		4B586BAC1B252A100099EA69 /* AppDelegate.h */ = {isa = PBXFileReference; lastKnownFileType = sourcecode.c.h; path = AppDelegate.h; sourceTree = "<group>"; };
		4B586BAD1B252A100099EA69 /* AppDelegate.m */ = {isa = PBXFileReference; lastKnownFileType = sourcecode.c.objc; path = AppDelegate.m; sourceTree = "<group>"; };
		4B586BAF1B252A100099EA69 /* ViewController.h */ = {isa = PBXFileReference; lastKnownFileType = sourcecode.c.h; path = ViewController.h; sourceTree = "<group>"; };
		4B586BB01B252A100099EA69 /* ViewController.m */ = {isa = PBXFileReference; lastKnownFileType = sourcecode.c.objc; path = ViewController.m; sourceTree = "<group>"; };
		4B586BB31B252A100099EA69 /* Base */ = {isa = PBXFileReference; lastKnownFileType = file.storyboard; name = Base; path = Base.lproj/Main.storyboard; sourceTree = "<group>"; };
		4B586BB51B252A100099EA69 /* Images.xcassets */ = {isa = PBXFileReference; lastKnownFileType = folder.assetcatalog; path = Images.xcassets; sourceTree = "<group>"; };
		4B586BB81B252A100099EA69 /* Base */ = {isa = PBXFileReference; lastKnownFileType = file.xib; name = Base; path = Base.lproj/LaunchScreen.xib; sourceTree = "<group>"; };
		4B586BBE1B252A100099EA69 /* WSCollectionViewTests.xctest */ = {isa = PBXFileReference; explicitFileType = wrapper.cfbundle; includeInIndex = 0; path = WSCollectionViewTests.xctest; sourceTree = BUILT_PRODUCTS_DIR; };
		4B586BC31B252A100099EA69 /* Info.plist */ = {isa = PBXFileReference; lastKnownFileType = text.plist.xml; path = Info.plist; sourceTree = "<group>"; };
		4B586BC41B252A100099EA69 /* WSCollectionViewTests.m */ = {isa = PBXFileReference; lastKnownFileType = sourcecode.c.objc; path = WSCollectionViewTests.m; sourceTree = "<group>"; };
/* End PBXFileReference section */

/* Begin PBXFrameworksBuildPhase section */
		4B586BA21B252A100099EA69 /* Frameworks */ = {
			isa = PBXFrameworksBuildPhase;
			buildActionMask = 2147483647;
			files = (
			);
			runOnlyForDeploymentPostprocessing = 0;
		};
		4B586BBB1B252A100099EA69 /* Frameworks */ = {
			isa = PBXFrameworksBuildPhase;
			buildActionMask = 2147483647;
			files = (
			);
			runOnlyForDeploymentPostprocessing = 0;
		};
/* End PBXFrameworksBuildPhase section */

/* Begin PBXGroup section */
		4B586B9C1B252A100099EA69 = {
			isa = PBXGroup;
			children = (
				4B586BA71B252A100099EA69 /* WSCollectionView */,
				4B586BC11B252A100099EA69 /* WSCollectionViewTests */,
				4B586BA61B252A100099EA69 /* Products */,
			);
			sourceTree = "<group>";
		};
		4B586BA61B252A100099EA69 /* Products */ = {
			isa = PBXGroup;
			children = (
				4B586BA51B252A100099EA69 /* WSCollectionView.app */,
				4B586BBE1B252A100099EA69 /* WSCollectionViewTests.xctest */,
			);
			name = Products;
			sourceTree = "<group>";
		};
		4B586BA71B252A100099EA69 /* WSCollectionView */ = {
			isa = PBXGroup;
			children = (
				4B586BAC1B252A100099EA69 /* AppDelegate.h */,
				4B586BAD1B252A100099EA69 /* AppDelegate.m */,
				4B586BAF1B252A100099EA69 /* ViewController.h */,
				4B586BB01B252A100099EA69 /* ViewController.m */,
				4B586BB21B252A100099EA69 /* Main.storyboard */,
				4B586BB51B252A100099EA69 /* Images.xcassets */,
				4B586BB71B252A100099EA69 /* LaunchScreen.xib */,
				4B586BA81B252A100099EA69 /* Supporting Files */,
				4B106C2A1B2E7EE200A4AC9D /* ITDBannerViewController.h */,
				4B106C2B1B2E7EE200A4AC9D /* ITDBannerViewController.m */,
			);
			path = WSCollectionView;
			sourceTree = "<group>";
		};
		4B586BA81B252A100099EA69 /* Supporting Files */ = {
			isa = PBXGroup;
			children = (
				4B586BA91B252A100099EA69 /* Info.plist */,
				4B586BAA1B252A100099EA69 /* main.m */,
			);
			name = "Supporting Files";
			sourceTree = "<group>";
		};
		4B586BC11B252A100099EA69 /* WSCollectionViewTests */ = {
			isa = PBXGroup;
			children = (
				4B586BC41B252A100099EA69 /* WSCollectionViewTests.m */,
				4B586BC21B252A100099EA69 /* Supporting Files */,
			);
			path = WSCollectionViewTests;
			sourceTree = "<group>";
		};
		4B586BC21B252A100099EA69 /* Supporting Files */ = {
			isa = PBXGroup;
			children = (
				4B586BC31B252A100099EA69 /* Info.plist */,
			);
			name = "Supporting Files";
			sourceTree = "<group>";
		};
/* End PBXGroup section */

/* Begin PBXNativeTarget section */
		4B586BA41B252A100099EA69 /* WSCollectionView */ = {
			isa = PBXNativeTarget;
			buildConfigurationList = 4B586BC81B252A100099EA69 /* Build configuration list for PBXNativeTarget "WSCollectionView" */;
			buildPhases = (
				4B586BA11B252A100099EA69 /* Sources */,
				4B586BA21B252A100099EA69 /* Frameworks */,
				4B586BA31B252A100099EA69 /* Resources */,
			);
			buildRules = (
			);
			dependencies = (
			);
			name = WSCollectionView;
			productName = WSCollectionView;
			productReference = 4B586BA51B252A100099EA69 /* WSCollectionView.app */;
			productType = "com.apple.product-type.application";
		};
		4B586BBD1B252A100099EA69 /* WSCollectionViewTests */ = {
			isa = PBXNativeTarget;
			buildConfigurationList = 4B586BCB1B252A100099EA69 /* Build configuration list for PBXNativeTarget "WSCollectionViewTests" */;
			buildPhases = (
				4B586BBA1B252A100099EA69 /* Sources */,
				4B586BBB1B252A100099EA69 /* Frameworks */,
				4B586BBC1B252A100099EA69 /* Resources */,
			);
			buildRules = (
			);
			dependencies = (
				4B586BC01B252A100099EA69 /* PBXTargetDependency */,
			);
			name = WSCollectionViewTests;
			productName = WSCollectionViewTests;
			productReference = 4B586BBE1B252A100099EA69 /* WSCollectionViewTests.xctest */;
			productType = "com.apple.product-type.bundle.unit-test";
		};
/* End PBXNativeTarget section */

/* Begin PBXProject section */
		4B586B9D1B252A100099EA69 /* Project object */ = {
			isa = PBXProject;
			attributes = {
				LastUpgradeCheck = 0630;
				ORGANIZATIONNAME = "TX-009";
				TargetAttributes = {
					4B586BA41B252A100099EA69 = {
						CreatedOnToolsVersion = 6.3;
					};
					4B586BBD1B252A100099EA69 = {
						CreatedOnToolsVersion = 6.3;
						TestTargetID = 4B586BA41B252A100099EA69;
					};
				};
			};
			buildConfigurationList = 4B586BA01B252A100099EA69 /* Build configuration list for PBXProject "WSCollectionView" */;
			compatibilityVersion = "Xcode 3.2";
			developmentRegion = English;
			hasScannedForEncodings = 0;
			knownRegions = (
				en,
				Base,
			);
			mainGroup = 4B586B9C1B252A100099EA69;
			productRefGroup = 4B586BA61B252A100099EA69 /* Products */;
			projectDirPath = "";
			projectRoot = "";
			targets = (
				4B586BA41B252A100099EA69 /* WSCollectionView */,
				4B586BBD1B252A100099EA69 /* WSCollectionViewTests */,
			);
		};
/* End PBXProject section */

/* Begin PBXResourcesBuildPhase section */
		4B586BA31B252A100099EA69 /* Resources */ = {
			isa = PBXResourcesBuildPhase;
			buildActionMask = 2147483647;
			files = (
				4B586BB41B252A100099EA69 /* Main.storyboard in Resources */,
				4B586BB91B252A100099EA69 /* LaunchScreen.xib in Resources */,
				4B586BB61B252A100099EA69 /* Images.xcassets in Resources */,
			);
			runOnlyForDeploymentPostprocessing = 0;
		};
		4B586BBC1B252A100099EA69 /* Resources */ = {
			isa = PBXResourcesBuildPhase;
			buildActionMask = 2147483647;
			files = (
			);
			runOnlyForDeploymentPostprocessing = 0;
		};
/* End PBXResourcesBuildPhase section */

/* Begin PBXSourcesBuildPhase section */
		4B586BA11B252A100099EA69 /* Sources */ = {
			isa = PBXSourcesBuildPhase;
			buildActionMask = 2147483647;
			files = (
				4B586BB11B252A100099EA69 /* ViewController.m in Sources */,
				4B586BAE1B252A100099EA69 /* AppDelegate.m in Sources */,
				4B106C2C1B2E7EE200A4AC9D /* ITDBannerViewController.m in Sources */,
				4B586BAB1B252A100099EA69 /* main.m in Sources */,
			);
			runOnlyForDeploymentPostprocessing = 0;
		};
		4B586BBA1B252A100099EA69 /* Sources */ = {
			isa = PBXSourcesBuildPhase;
			buildActionMask = 2147483647;
			files = (
				4B586BC51B252A100099EA69 /* WSCollectionViewTests.m in Sources */,
			);
			runOnlyForDeploymentPostprocessing = 0;
		};
/* End PBXSourcesBuildPhase section */

/* Begin PBXTargetDependency section */
		4B586BC01B252A100099EA69 /* PBXTargetDependency */ = {
			isa = PBXTargetDependency;
			target = 4B586BA41B252A100099EA69 /* WSCollectionView */;
			targetProxy = 4B586BBF1B252A100099EA69 /* PBXContainerItemProxy */;
		};
/* End PBXTargetDependency section */

/* Begin PBXVariantGroup section */
		4B586BB21B252A100099EA69 /* Main.storyboard */ = {
			isa = PBXVariantGroup;
			children = (
				4B586BB31B252A100099EA69 /* Base */,
			);
			name = Main.storyboard;
			sourceTree = "<group>";
		};
		4B586BB71B252A100099EA69 /* LaunchScreen.xib */ = {
			isa = PBXVariantGroup;
			children = (
				4B586BB81B252A100099EA69 /* Base */,
			);
			name = LaunchScreen.xib;
			sourceTree = "<group>";
		};
/* End PBXVariantGroup section */

/* Begin XCBuildConfiguration section */
		4B586BC61B252A100099EA69 /* Debug */ = {
			isa = XCBuildConfiguration;
			buildSettings = {
				ALWAYS_SEARCH_USER_PATHS = NO;
				CLANG_CXX_LANGUAGE_STANDARD = "gnu++0x";
				CLANG_CXX_LIBRARY = "libc++";
				CLANG_ENABLE_MODULES = YES;
				CLANG_ENABLE_OBJC_ARC = YES;
				CLANG_WARN_BOOL_CONVERSION = YES;
				CLANG_WARN_CONSTANT_CONVERSION = YES;
				CLANG_WARN_DIRECT_OBJC_ISA_USAGE = YES_ERROR;
				CLANG_WARN_EMPTY_BODY = YES;
				CLANG_WARN_ENUM_CONVERSION = YES;
				CLANG_WARN_INT_CONVERSION = YES;
				CLANG_WARN_OBJC_ROOT_CLASS = YES_ERROR;
				CLANG_WARN_UNREACHABLE_CODE = YES;
				CLANG_WARN__DUPLICATE_METHOD_MATCH = YES;
				"CODE_SIGN_IDENTITY[sdk=iphoneos*]" = "iPhone Developer";
				COPY_PHASE_STRIP = NO;
				DEBUG_INFORMATION_FORMAT = "dwarf-with-dsym";
				ENABLE_STRICT_OBJC_MSGSEND = YES;
				GCC_C_LANGUAGE_STANDARD = gnu99;
				GCC_DYNAMIC_NO_PIC = NO;
				GCC_NO_COMMON_BLOCKS = YES;
				GCC_OPTIMIZATION_LEVEL = 0;
				GCC_PREPROCESSOR_DEFINITIONS = (
					"DEBUG=1",
					"$(inherited)",
				);
				GCC_SYMBOLS_PRIVATE_EXTERN = NO;
				GCC_WARN_64_TO_32_BIT_CONVERSION = YES;
				GCC_WARN_ABOUT_RETURN_TYPE = YES_ERROR;
				GCC_WARN_UNDECLARED_SELECTOR = YES;
				GCC_WARN_UNINITIALIZED_AUTOS = YES_AGGRESSIVE;
				GCC_WARN_UNUSED_FUNCTION = YES;
				GCC_WARN_UNUSED_VARIABLE = YES;
				IPHONEOS_DEPLOYMENT_TARGET = 8.3;
				MTL_ENABLE_DEBUG_INFO = YES;
				ONLY_ACTIVE_ARCH = YES;
				SDKROOT = iphoneos;
			};
			name = Debug;
		};
		4B586BC71B252A100099EA69 /* Release */ = {
			isa = XCBuildConfiguration;
			buildSettings = {
				ALWAYS_SEARCH_USER_PATHS = NO;
				CLANG_CXX_LANGUAGE_STANDARD = "gnu++0x";
				CLANG_CXX_LIBRARY = "libc++";
				CLANG_ENABLE_MODULES = YES;
				CLANG_ENABLE_OBJC_ARC = YES;
				CLANG_WARN_BOOL_CONVERSION = YES;
				CLANG_WARN_CONSTANT_CONVERSION = YES;
				CLANG_WARN_DIRECT_OBJC_ISA_USAGE = YES_ERROR;
				CLANG_WARN_EMPTY_BODY = YES;
				CLANG_WARN_ENUM_CONVERSION = YES;
				CLANG_WARN_INT_CONVERSION = YES;
				CLANG_WARN_OBJC_ROOT_CLASS = YES_ERROR;
				CLANG_WARN_UNREACHABLE_CODE = YES;
				CLANG_WARN__DUPLICATE_METHOD_MATCH = YES;
				"CODE_SIGN_IDENTITY[sdk=iphoneos*]" = "iPhone Developer";
				COPY_PHASE_STRIP = NO;
				DEBUG_INFORMATION_FORMAT = "dwarf-with-dsym";
				ENABLE_NS_ASSERTIONS = NO;
				ENABLE_STRICT_OBJC_MSGSEND = YES;
				GCC_C_LANGUAGE_STANDARD = gnu99;
				GCC_NO_COMMON_BLOCKS = YES;
				GCC_WARN_64_TO_32_BIT_CONVERSION = YES;
				GCC_WARN_ABOUT_RETURN_TYPE = YES_ERROR;
				GCC_WARN_UNDECLARED_SELECTOR = YES;
				GCC_WARN_UNINITIALIZED_AUTOS = YES_AGGRESSIVE;
				GCC_WARN_UNUSED_FUNCTION = YES;
				GCC_WARN_UNUSED_VARIABLE = YES;
				IPHONEOS_DEPLOYMENT_TARGET = 8.3;
				MTL_ENABLE_DEBUG_INFO = NO;
				SDKROOT = iphoneos;
				VALIDATE_PRODUCT = YES;
			};
			name = Release;
		};
		4B586BC91B252A100099EA69 /* Debug */ = {
			isa = XCBuildConfiguration;
			buildSettings = {
				ASSETCATALOG_COMPILER_APPICON_NAME = AppIcon;
				INFOPLIST_FILE = WSCollectionView/Info.plist;
				LD_RUNPATH_SEARCH_PATHS = "$(inherited) @executable_path/Frameworks";
				PRODUCT_NAME = "$(TARGET_NAME)";
			};
			name = Debug;
		};
		4B586BCA1B252A100099EA69 /* Release */ = {
			isa = XCBuildConfiguration;
			buildSettings = {
				ASSETCATALOG_COMPILER_APPICON_NAME = AppIcon;
				INFOPLIST_FILE = WSCollectionView/Info.plist;
				LD_RUNPATH_SEARCH_PATHS = "$(inherited) @executable_path/Frameworks";
				PRODUCT_NAME = "$(TARGET_NAME)";
			};
			name = Release;
		};
		4B586BCC1B252A100099EA69 /* Debug */ = {
			isa = XCBuildConfiguration;
			buildSettings = {
				BUNDLE_LOADER = "$(TEST_HOST)";
				FRAMEWORK_SEARCH_PATHS = (
					"$(SDKROOT)/Developer/Library/Frameworks",
					"$(inherited)",
				);
				GCC_PREPROCESSOR_DEFINITIONS = (
					"DEBUG=1",
					"$(inherited)",
				);
				INFOPLIST_FILE = WSCollectionViewTests/Info.plist;
				LD_RUNPATH_SEARCH_PATHS = "$(inherited) @executable_path/Frameworks @loader_path/Frameworks";
				PRODUCT_NAME = "$(TARGET_NAME)";
				TEST_HOST = "$(BUILT_PRODUCTS_DIR)/WSCollectionView.app/WSCollectionView";
			};
			name = Debug;
		};
		4B586BCD1B252A100099EA69 /* Release */ = {
			isa = XCBuildConfiguration;
			buildSettings = {
				BUNDLE_LOADER = "$(TEST_HOST)";
				FRAMEWORK_SEARCH_PATHS = (
					"$(SDKROOT)/Developer/Library/Frameworks",
					"$(inherited)",
				);
				INFOPLIST_FILE = WSCollectionViewTests/Info.plist;
				LD_RUNPATH_SEARCH_PATHS = "$(inherited) @executable_path/Frameworks @loader_path/Frameworks";
				PRODUCT_NAME = "$(TARGET_NAME)";
				TEST_HOST = "$(BUILT_PRODUCTS_DIR)/WSCollectionView.app/WSCollectionView";
			};
			name = Release;
		};
/* End XCBuildConfiguration section */

/* Begin XCConfigurationList section */
		4B586BA01B252A100099EA69 /* Build configuration list for PBXProject "WSCollectionView" */ = {
			isa = XCConfigurationList;
			buildConfigurations = (
				4B586BC61B252A100099EA69 /* Debug */,
				4B586BC71B252A100099EA69 /* Release */,
			);
			defaultConfigurationIsVisible = 0;
			defaultConfigurationName = Release;
		};
		4B586BC81B252A100099EA69 /* Build configuration list for PBXNativeTarget "WSCollectionView" */ = {
			isa = XCConfigurationList;
			buildConfigurations = (
				4B586BC91B252A100099EA69 /* Debug */,
				4B586BCA1B252A100099EA69 /* Release */,
			);
			defaultConfigurationIsVisible = 0;
			defaultConfigurationName = Release;
		};
		4B586BCB1B252A100099EA69 /* Build configuration list for PBXNativeTarget "WSCollectionViewTests" */ = {
			isa = XCConfigurationList;
			buildConfigurations = (
				4B586BCC1B252A100099EA69 /* Debug */,
				4B586BCD1B252A100099EA69 /* Release */,
			);
			defaultConfigurationIsVisible = 0;
			defaultConfigurationName = Release;
		};
/* End XCConfigurationList section */
	};
	rootObject = 4B586B9D1B252A100099EA69 /* Project object */;
}
